
Microsoft Visual Studio Solution File, Format Version 12.00
# Visual Studio Version 17
VisualStudioVersion = 17.8.34330.188
MinimumVisualStudioVersion = 10.0.40219.1
Project("{FAE04EC0-301F-11D3-BF4B-00C04F79EFBC}") = "Vkr", "Vkr.csproj", "{B0776C9D-9658-4929-BFB3-7ABFBE930CEC}"
EndProject
Global
	GlobalSection(SolutionConfigurationPlatforms) = preSolution
		Debug|Any CPU = Debug|Any CPU
		Release|Any CPU = Release|Any CPU
	EndGlobalSection
	GlobalSection(ProjectConfigurationPlatforms) = postSolution
		{B0776C9D-9658-4929-BFB3-7ABFBE930CEC}.Debug|Any CPU.ActiveCfg = Debug|Any CPU
		{B0776C9D-9658-4929-BFB3-7ABFBE930CEC}.Debug|Any CPU.Build.0 = Debug|Any CPU
		{B0776C9D-9658-4929-BFB3-7ABFBE930CEC}.Release|Any CPU.ActiveCfg = Release|Any CPU
		{B0776C9D-9658-4929-BFB3-7ABFBE930CEC}.Release|Any CPU.Build.0 = Release|Any CPU
	EndGlobalSection
	GlobalSection(SolutionProperties) = preSolution
		HideSolutionNode = FALSE
	EndGlobalSection
	GlobalSection(ExtensibilityGlobals) = postSolution
		SolutionGuid = {09E493EB-3DEC-4486-B821-4883678A0B24}
	EndGlobalSection
EndGlobal
